// !$*UTF8*$!
{
	archiveVersion = 1;
	classes = {
	};
	objectVersion = 52;
	objects = {

/* Begin PBXBuildFile section */
		0ECBC77A26E79BB600140FF4 /* HeroesListViewModel.swift in Sources */ = {isa = PBXBuildFile; fileRef = 0ECBC77926E79BB600140FF4 /* HeroesListViewModel.swift */; };
		0ECBC77C26E79BE600140FF4 /* HeroesListView.swift in Sources */ = {isa = PBXBuildFile; fileRef = 0ECBC77B26E79BE600140FF4 /* HeroesListView.swift */; };
		0ECBC77F26E79C1C00140FF4 /* HeroeListCellView.swift in Sources */ = {isa = PBXBuildFile; fileRef = 0ECBC77E26E79C1C00140FF4 /* HeroeListCellView.swift */; };
		0ECBC78226E79F4800140FF4 /* ResponseWrapperModel.swift in Sources */ = {isa = PBXBuildFile; fileRef = 0ECBC78126E79F4800140FF4 /* ResponseWrapperModel.swift */; };
		0ECBC78426E79F5800140FF4 /* ErrorModel.swift in Sources */ = {isa = PBXBuildFile; fileRef = 0ECBC78326E79F5800140FF4 /* ErrorModel.swift */; };
		0ECBC78726E79F8F00140FF4 /* Constants.swift in Sources */ = {isa = PBXBuildFile; fileRef = 0ECBC78626E79F8F00140FF4 /* Constants.swift */; };
		0ECBC78926E79F9E00140FF4 /* Utils.swift in Sources */ = {isa = PBXBuildFile; fileRef = 0ECBC78826E79F9E00140FF4 /* Utils.swift */; };
		0ECBC78C26E7A1AC00140FF4 /* HeroModel.swift in Sources */ = {isa = PBXBuildFile; fileRef = 0ECBC78B26E7A1AC00140FF4 /* HeroModel.swift */; };
		0ECBC78E26E7A30200140FF4 /* HeroesListModel.swift in Sources */ = {isa = PBXBuildFile; fileRef = 0ECBC78D26E7A30200140FF4 /* HeroesListModel.swift */; };
		0ECBC78F26E7A6EE00140FF4 /* Endpoints.plist in Resources */ = {isa = PBXBuildFile; fileRef = 0ECBC77626E79B1700140FF4 /* Endpoints.plist */; };
		0ECBC79126E7C9CE00140FF4 /* HeroDetailViewModel.swift in Sources */ = {isa = PBXBuildFile; fileRef = 0ECBC79026E7C9CE00140FF4 /* HeroDetailViewModel.swift */; };
		0ECBC79326E7D80300140FF4 /* loader.json in Resources */ = {isa = PBXBuildFile; fileRef = 0ECBC79226E7D80300140FF4 /* loader.json */; };
		0ECBC79526E7D9ED00140FF4 /* README.md in Resources */ = {isa = PBXBuildFile; fileRef = 0ECBC79426E7D9ED00140FF4 /* README.md */; };
		0ECBC79826E7DACC00140FF4 /* Lottie in Frameworks */ = {isa = PBXBuildFile; productRef = 0ECBC79726E7DACC00140FF4 /* Lottie */; };
		0ECBC79C26E7DB8700140FF4 /* LoaderView.swift in Sources */ = {isa = PBXBuildFile; fileRef = 0ECBC79B26E7DB8700140FF4 /* LoaderView.swift */; };
		0ECBC79F26E7DBD400140FF4 /* LottieView.swift in Sources */ = {isa = PBXBuildFile; fileRef = 0ECBC79E26E7DBD400140FF4 /* LottieView.swift */; };
		0ECBC7A226E7F48C00140FF4 /* prueba.swift in Sources */ = {isa = PBXBuildFile; fileRef = 0ECBC7A126E7F48B00140FF4 /* prueba.swift */; };
		9A4E722E26DA7CB8003583A3 /* SuperHeroAppApp.swift in Sources */ = {isa = PBXBuildFile; fileRef = 9A4E722D26DA7CB8003583A3 /* SuperHeroAppApp.swift */; };
		9A4E723026DA7CB8003583A3 /* HeroDetailView.swift in Sources */ = {isa = PBXBuildFile; fileRef = 9A4E722F26DA7CB8003583A3 /* HeroDetailView.swift */; };
		9A4E723226DA7CBB003583A3 /* Assets.xcassets in Resources */ = {isa = PBXBuildFile; fileRef = 9A4E723126DA7CBB003583A3 /* Assets.xcassets */; };
		9A4E723526DA7CBB003583A3 /* Preview Assets.xcassets in Resources */ = {isa = PBXBuildFile; fileRef = 9A4E723426DA7CBB003583A3 /* Preview Assets.xcassets */; };
		9A4E724026DA7CBB003583A3 /* SuperHeroAppTests.swift in Sources */ = {isa = PBXBuildFile; fileRef = 9A4E723F26DA7CBB003583A3 /* SuperHeroAppTests.swift */; };
		9A4E724B26DA7CBB003583A3 /* SuperHeroAppUITests.swift in Sources */ = {isa = PBXBuildFile; fileRef = 9A4E724A26DA7CBB003583A3 /* SuperHeroAppUITests.swift */; };
		9A4E725E26DA8637003583A3 /* Alamofire in Frameworks */ = {isa = PBXBuildFile; productRef = 9A4E725D26DA8637003583A3 /* Alamofire */; };
		9A4E726326DA864D003583A3 /* NetworkingProvider.swift in Sources */ = {isa = PBXBuildFile; fileRef = 9A4E726226DA864D003583A3 /* NetworkingProvider.swift */; };
		9A4E727726DA9123003583A3 /* SDWebImageSwiftUI in Frameworks */ = {isa = PBXBuildFile; productRef = 9A4E727626DA9123003583A3 /* SDWebImageSwiftUI */; };
		9A4E727C26DA9E5D003583A3 /* heroes.json in Resources */ = {isa = PBXBuildFile; fileRef = 9A4E727B26DA9E5D003583A3 /* heroes.json */; };
		9AF6EF6326F0E50A0013238A /* superhero.json in Resources */ = {isa = PBXBuildFile; fileRef = 9AF6EF6226F0E50A0013238A /* superhero.json */; };
/* End PBXBuildFile section */

/* Begin PBXContainerItemProxy section */
		9A4E723C26DA7CBB003583A3 /* PBXContainerItemProxy */ = {
			isa = PBXContainerItemProxy;
			containerPortal = 9A4E722226DA7CB8003583A3 /* Project object */;
			proxyType = 1;
			remoteGlobalIDString = 9A4E722926DA7CB8003583A3;
			remoteInfo = SuperHeroApp;
		};
		9A4E724726DA7CBB003583A3 /* PBXContainerItemProxy */ = {
			isa = PBXContainerItemProxy;
			containerPortal = 9A4E722226DA7CB8003583A3 /* Project object */;
			proxyType = 1;
			remoteGlobalIDString = 9A4E722926DA7CB8003583A3;
			remoteInfo = SuperHeroApp;
		};
/* End PBXContainerItemProxy section */

/* Begin PBXFileReference section */
		0ECBC77626E79B1700140FF4 /* Endpoints.plist */ = {isa = PBXFileReference; lastKnownFileType = text.plist.xml; path = Endpoints.plist; sourceTree = "<group>"; };
		0ECBC77926E79BB600140FF4 /* HeroesListViewModel.swift */ = {isa = PBXFileReference; lastKnownFileType = sourcecode.swift; path = HeroesListViewModel.swift; sourceTree = "<group>"; };
		0ECBC77B26E79BE600140FF4 /* HeroesListView.swift */ = {isa = PBXFileReference; lastKnownFileType = sourcecode.swift; path = HeroesListView.swift; sourceTree = "<group>"; };
		0ECBC77E26E79C1C00140FF4 /* HeroeListCellView.swift */ = {isa = PBXFileReference; lastKnownFileType = sourcecode.swift; path = HeroeListCellView.swift; sourceTree = "<group>"; };
		0ECBC78126E79F4800140FF4 /* ResponseWrapperModel.swift */ = {isa = PBXFileReference; lastKnownFileType = sourcecode.swift; path = ResponseWrapperModel.swift; sourceTree = "<group>"; };
		0ECBC78326E79F5800140FF4 /* ErrorModel.swift */ = {isa = PBXFileReference; lastKnownFileType = sourcecode.swift; path = ErrorModel.swift; sourceTree = "<group>"; };
		0ECBC78626E79F8F00140FF4 /* Constants.swift */ = {isa = PBXFileReference; lastKnownFileType = sourcecode.swift; path = Constants.swift; sourceTree = "<group>"; };
		0ECBC78826E79F9E00140FF4 /* Utils.swift */ = {isa = PBXFileReference; lastKnownFileType = sourcecode.swift; path = Utils.swift; sourceTree = "<group>"; };
		0ECBC78B26E7A1AC00140FF4 /* HeroModel.swift */ = {isa = PBXFileReference; lastKnownFileType = sourcecode.swift; path = HeroModel.swift; sourceTree = "<group>"; };
		0ECBC78D26E7A30200140FF4 /* HeroesListModel.swift */ = {isa = PBXFileReference; lastKnownFileType = sourcecode.swift; path = HeroesListModel.swift; sourceTree = "<group>"; };
		0ECBC79026E7C9CE00140FF4 /* HeroDetailViewModel.swift */ = {isa = PBXFileReference; lastKnownFileType = sourcecode.swift; path = HeroDetailViewModel.swift; sourceTree = "<group>"; };
		0ECBC79226E7D80300140FF4 /* loader.json */ = {isa = PBXFileReference; fileEncoding = 4; lastKnownFileType = text.json; path = loader.json; sourceTree = "<group>"; };
		0ECBC79426E7D9ED00140FF4 /* README.md */ = {isa = PBXFileReference; fileEncoding = 4; lastKnownFileType = net.daringfireball.markdown; path = README.md; sourceTree = SOURCE_ROOT; };
		0ECBC79B26E7DB8700140FF4 /* LoaderView.swift */ = {isa = PBXFileReference; lastKnownFileType = sourcecode.swift; path = LoaderView.swift; sourceTree = "<group>"; };
		0ECBC79E26E7DBD400140FF4 /* LottieView.swift */ = {isa = PBXFileReference; lastKnownFileType = sourcecode.swift; path = LottieView.swift; sourceTree = "<group>"; };
		0ECBC7A126E7F48B00140FF4 /* prueba.swift */ = {isa = PBXFileReference; lastKnownFileType = sourcecode.swift; path = prueba.swift; sourceTree = "<group>"; };
		9A4E722A26DA7CB8003583A3 /* SuperHeroApp.app */ = {isa = PBXFileReference; explicitFileType = wrapper.application; includeInIndex = 0; path = SuperHeroApp.app; sourceTree = BUILT_PRODUCTS_DIR; };
		9A4E722D26DA7CB8003583A3 /* SuperHeroAppApp.swift */ = {isa = PBXFileReference; lastKnownFileType = sourcecode.swift; path = SuperHeroAppApp.swift; sourceTree = "<group>"; };
		9A4E722F26DA7CB8003583A3 /* HeroDetailView.swift */ = {isa = PBXFileReference; lastKnownFileType = sourcecode.swift; path = HeroDetailView.swift; sourceTree = "<group>"; };
		9A4E723126DA7CBB003583A3 /* Assets.xcassets */ = {isa = PBXFileReference; lastKnownFileType = folder.assetcatalog; path = Assets.xcassets; sourceTree = "<group>"; };
		9A4E723426DA7CBB003583A3 /* Preview Assets.xcassets */ = {isa = PBXFileReference; lastKnownFileType = folder.assetcatalog; path = "Preview Assets.xcassets"; sourceTree = "<group>"; };
		9A4E723626DA7CBB003583A3 /* Info.plist */ = {isa = PBXFileReference; lastKnownFileType = text.plist.xml; path = Info.plist; sourceTree = "<group>"; };
		9A4E723B26DA7CBB003583A3 /* SuperHeroAppTests.xctest */ = {isa = PBXFileReference; explicitFileType = wrapper.cfbundle; includeInIndex = 0; path = SuperHeroAppTests.xctest; sourceTree = BUILT_PRODUCTS_DIR; };
		9A4E723F26DA7CBB003583A3 /* SuperHeroAppTests.swift */ = {isa = PBXFileReference; lastKnownFileType = sourcecode.swift; path = SuperHeroAppTests.swift; sourceTree = "<group>"; };
		9A4E724126DA7CBB003583A3 /* Info.plist */ = {isa = PBXFileReference; lastKnownFileType = text.plist.xml; path = Info.plist; sourceTree = "<group>"; };
		9A4E724626DA7CBB003583A3 /* SuperHeroAppUITests.xctest */ = {isa = PBXFileReference; explicitFileType = wrapper.cfbundle; includeInIndex = 0; path = SuperHeroAppUITests.xctest; sourceTree = BUILT_PRODUCTS_DIR; };
		9A4E724A26DA7CBB003583A3 /* SuperHeroAppUITests.swift */ = {isa = PBXFileReference; lastKnownFileType = sourcecode.swift; path = SuperHeroAppUITests.swift; sourceTree = "<group>"; };
		9A4E724C26DA7CBB003583A3 /* Info.plist */ = {isa = PBXFileReference; lastKnownFileType = text.plist.xml; path = Info.plist; sourceTree = "<group>"; };
		9A4E726226DA864D003583A3 /* NetworkingProvider.swift */ = {isa = PBXFileReference; lastKnownFileType = sourcecode.swift; path = NetworkingProvider.swift; sourceTree = "<group>"; };
		9A4E727B26DA9E5D003583A3 /* heroes.json */ = {isa = PBXFileReference; lastKnownFileType = text.json; path = heroes.json; sourceTree = "<group>"; };
		9AF6EF6226F0E50A0013238A /* superhero.json */ = {isa = PBXFileReference; fileEncoding = 4; lastKnownFileType = text.json; path = superhero.json; sourceTree = "<group>"; };
/* End PBXFileReference section */

/* Begin PBXFrameworksBuildPhase section */
		9A4E722726DA7CB8003583A3 /* Frameworks */ = {
			isa = PBXFrameworksBuildPhase;
			buildActionMask = 2147483647;
			files = (
				9A4E727726DA9123003583A3 /* SDWebImageSwiftUI in Frameworks */,
				9A4E725E26DA8637003583A3 /* Alamofire in Frameworks */,
				0ECBC79826E7DACC00140FF4 /* Lottie in Frameworks */,
			);
			runOnlyForDeploymentPostprocessing = 0;
		};
		9A4E723826DA7CBB003583A3 /* Frameworks */ = {
			isa = PBXFrameworksBuildPhase;
			buildActionMask = 2147483647;
			files = (
			);
			runOnlyForDeploymentPostprocessing = 0;
		};
		9A4E724326DA7CBB003583A3 /* Frameworks */ = {
			isa = PBXFrameworksBuildPhase;
			buildActionMask = 2147483647;
			files = (
			);
			runOnlyForDeploymentPostprocessing = 0;
		};
/* End PBXFrameworksBuildPhase section */

/* Begin PBXGroup section */
		0ECBC76C26E79AAB00140FF4 /* Model */ = {
			isa = PBXGroup;
			children = (
				0ECBC78D26E7A30200140FF4 /* HeroesListModel.swift */,
			);
			path = Model;
			sourceTree = "<group>";
		};
		0ECBC76D26E79AB000140FF4 /* Networking */ = {
			isa = PBXGroup;
			children = (
				0ECBC78026E79F2B00140FF4 /* Model */,
				9A4E726226DA864D003583A3 /* NetworkingProvider.swift */,
			);
			path = Networking;
			sourceTree = "<group>";
		};
		0ECBC76E26E79AB600140FF4 /* Modules */ = {
			isa = PBXGroup;
			children = (
				9A4E722D26DA7CB8003583A3 /* SuperHeroAppApp.swift */,
				0ECBC76F26E79AC000140FF4 /* HeroList */,
				0ECBC77026E79AC300140FF4 /* HeroDetail */,
			);
			path = Modules;
			sourceTree = "<group>";
		};
		0ECBC76F26E79AC000140FF4 /* HeroList */ = {
			isa = PBXGroup;
			children = (
				0ECBC76C26E79AAB00140FF4 /* Model */,
				0ECBC77126E79AD200140FF4 /* View */,
				0ECBC77226E79AD600140FF4 /* ViewModel */,
			);
			path = HeroList;
			sourceTree = "<group>";
		};
		0ECBC77026E79AC300140FF4 /* HeroDetail */ = {
			isa = PBXGroup;
			children = (
				0ECBC78A26E79FCF00140FF4 /* Model */,
				0ECBC77426E79AE100140FF4 /* View */,
				0ECBC77326E79ADD00140FF4 /* ViewModel */,
				0ECBC7A126E7F48B00140FF4 /* prueba.swift */,
			);
			path = HeroDetail;
			sourceTree = "<group>";
		};
		0ECBC77126E79AD200140FF4 /* View */ = {
			isa = PBXGroup;
			children = (
				0ECBC77D26E79C0700140FF4 /* Cell */,
				0ECBC77B26E79BE600140FF4 /* HeroesListView.swift */,
			);
			path = View;
			sourceTree = "<group>";
		};
		0ECBC77226E79AD600140FF4 /* ViewModel */ = {
			isa = PBXGroup;
			children = (
				0ECBC77926E79BB600140FF4 /* HeroesListViewModel.swift */,
			);
			path = ViewModel;
			sourceTree = "<group>";
		};
		0ECBC77326E79ADD00140FF4 /* ViewModel */ = {
			isa = PBXGroup;
			children = (
				0ECBC79026E7C9CE00140FF4 /* HeroDetailViewModel.swift */,
			);
			path = ViewModel;
			sourceTree = "<group>";
		};
		0ECBC77426E79AE100140FF4 /* View */ = {
			isa = PBXGroup;
			children = (
				9A4E722F26DA7CB8003583A3 /* HeroDetailView.swift */,
			);
			path = View;
			sourceTree = "<group>";
		};
		0ECBC77526E79B0D00140FF4 /* Resources */ = {
			isa = PBXGroup;
			children = (
				0ECBC77826E79B3000140FF4 /* Mock */,
				0ECBC77626E79B1700140FF4 /* Endpoints.plist */,
				9A4E723126DA7CBB003583A3 /* Assets.xcassets */,
				0ECBC79226E7D80300140FF4 /* loader.json */,
				9AF6EF6226F0E50A0013238A /* superhero.json */,
			);
			path = Resources;
			sourceTree = "<group>";
		};
		0ECBC77826E79B3000140FF4 /* Mock */ = {
			isa = PBXGroup;
			children = (
				9A4E727B26DA9E5D003583A3 /* heroes.json */,
			);
			path = Mock;
			sourceTree = "<group>";
		};
		0ECBC77D26E79C0700140FF4 /* Cell */ = {
			isa = PBXGroup;
			children = (
				0ECBC77E26E79C1C00140FF4 /* HeroeListCellView.swift */,
			);
			path = Cell;
			sourceTree = "<group>";
		};
		0ECBC78026E79F2B00140FF4 /* Model */ = {
			isa = PBXGroup;
			children = (
				0ECBC78126E79F4800140FF4 /* ResponseWrapperModel.swift */,
				0ECBC78326E79F5800140FF4 /* ErrorModel.swift */,
			);
			path = Model;
			sourceTree = "<group>";
		};
		0ECBC78526E79F6A00140FF4 /* Utils */ = {
			isa = PBXGroup;
			children = (
				0ECBC79926E7DB5500140FF4 /* Views */,
				0ECBC78626E79F8F00140FF4 /* Constants.swift */,
				0ECBC78826E79F9E00140FF4 /* Utils.swift */,
			);
			path = Utils;
			sourceTree = "<group>";
		};
		0ECBC78A26E79FCF00140FF4 /* Model */ = {
			isa = PBXGroup;
			children = (
				0ECBC78B26E7A1AC00140FF4 /* HeroModel.swift */,
			);
			path = Model;
			sourceTree = "<group>";
		};
		0ECBC79926E7DB5500140FF4 /* Views */ = {
			isa = PBXGroup;
			children = (
				0ECBC79D26E7DBC800140FF4 /* LottieView */,
				0ECBC79A26E7DB5900140FF4 /* Loader */,
			);
			path = Views;
			sourceTree = "<group>";
		};
		0ECBC79A26E7DB5900140FF4 /* Loader */ = {
			isa = PBXGroup;
			children = (
				0ECBC79B26E7DB8700140FF4 /* LoaderView.swift */,
			);
			path = Loader;
			sourceTree = "<group>";
		};
		0ECBC79D26E7DBC800140FF4 /* LottieView */ = {
			isa = PBXGroup;
			children = (
				0ECBC79E26E7DBD400140FF4 /* LottieView.swift */,
			);
			path = LottieView;
			sourceTree = "<group>";
		};
		9A4E722126DA7CB8003583A3 = {
			isa = PBXGroup;
			children = (
				9A4E722C26DA7CB8003583A3 /* SuperHeroApp */,
				9A4E723E26DA7CBB003583A3 /* SuperHeroAppTests */,
				9A4E724926DA7CBB003583A3 /* SuperHeroAppUITests */,
				9A4E722B26DA7CB8003583A3 /* Products */,
			);
			sourceTree = "<group>";
		};
		9A4E722B26DA7CB8003583A3 /* Products */ = {
			isa = PBXGroup;
			children = (
				9A4E722A26DA7CB8003583A3 /* SuperHeroApp.app */,
				9A4E723B26DA7CBB003583A3 /* SuperHeroAppTests.xctest */,
				9A4E724626DA7CBB003583A3 /* SuperHeroAppUITests.xctest */,
			);
			name = Products;
			sourceTree = "<group>";
		};
		9A4E722C26DA7CB8003583A3 /* SuperHeroApp */ = {
			isa = PBXGroup;
			children = (
				0ECBC78526E79F6A00140FF4 /* Utils */,
				0ECBC77526E79B0D00140FF4 /* Resources */,
				0ECBC76D26E79AB000140FF4 /* Networking */,
				0ECBC76E26E79AB600140FF4 /* Modules */,
				9A4E723326DA7CBB003583A3 /* Preview Content */,
				9A4E723626DA7CBB003583A3 /* Info.plist */,
				0ECBC79426E7D9ED00140FF4 /* README.md */,
			);
			path = SuperHeroApp;
			sourceTree = "<group>";
		};
		9A4E723326DA7CBB003583A3 /* Preview Content */ = {
			isa = PBXGroup;
			children = (
				9A4E723426DA7CBB003583A3 /* Preview Assets.xcassets */,
			);
			path = "Preview Content";
			sourceTree = "<group>";
		};
		9A4E723E26DA7CBB003583A3 /* SuperHeroAppTests */ = {
			isa = PBXGroup;
			children = (
				9A4E723F26DA7CBB003583A3 /* SuperHeroAppTests.swift */,
				9A4E724126DA7CBB003583A3 /* Info.plist */,
			);
			path = SuperHeroAppTests;
			sourceTree = "<group>";
		};
		9A4E724926DA7CBB003583A3 /* SuperHeroAppUITests */ = {
			isa = PBXGroup;
			children = (
				9A4E724A26DA7CBB003583A3 /* SuperHeroAppUITests.swift */,
				9A4E724C26DA7CBB003583A3 /* Info.plist */,
			);
			path = SuperHeroAppUITests;
			sourceTree = "<group>";
		};
/* End PBXGroup section */

/* Begin PBXNativeTarget section */
		9A4E722926DA7CB8003583A3 /* SuperHeroApp */ = {
			isa = PBXNativeTarget;
			buildConfigurationList = 9A4E724F26DA7CBB003583A3 /* Build configuration list for PBXNativeTarget "SuperHeroApp" */;
			buildPhases = (
				9A4E722626DA7CB8003583A3 /* Sources */,
				9A4E722726DA7CB8003583A3 /* Frameworks */,
				9A4E722826DA7CB8003583A3 /* Resources */,
			);
			buildRules = (
			);
			dependencies = (
			);
			name = SuperHeroApp;
			packageProductDependencies = (
				9A4E725D26DA8637003583A3 /* Alamofire */,
				9A4E727626DA9123003583A3 /* SDWebImageSwiftUI */,
				0ECBC79726E7DACC00140FF4 /* Lottie */,
			);
			productName = SuperHeroApp;
			productReference = 9A4E722A26DA7CB8003583A3 /* SuperHeroApp.app */;
			productType = "com.apple.product-type.application";
		};
		9A4E723A26DA7CBB003583A3 /* SuperHeroAppTests */ = {
			isa = PBXNativeTarget;
			buildConfigurationList = 9A4E725226DA7CBB003583A3 /* Build configuration list for PBXNativeTarget "SuperHeroAppTests" */;
			buildPhases = (
				9A4E723726DA7CBB003583A3 /* Sources */,
				9A4E723826DA7CBB003583A3 /* Frameworks */,
				9A4E723926DA7CBB003583A3 /* Resources */,
			);
			buildRules = (
			);
			dependencies = (
				9A4E723D26DA7CBB003583A3 /* PBXTargetDependency */,
			);
			name = SuperHeroAppTests;
			productName = SuperHeroAppTests;
			productReference = 9A4E723B26DA7CBB003583A3 /* SuperHeroAppTests.xctest */;
			productType = "com.apple.product-type.bundle.unit-test";
		};
		9A4E724526DA7CBB003583A3 /* SuperHeroAppUITests */ = {
			isa = PBXNativeTarget;
			buildConfigurationList = 9A4E725526DA7CBB003583A3 /* Build configuration list for PBXNativeTarget "SuperHeroAppUITests" */;
			buildPhases = (
				9A4E724226DA7CBB003583A3 /* Sources */,
				9A4E724326DA7CBB003583A3 /* Frameworks */,
				9A4E724426DA7CBB003583A3 /* Resources */,
			);
			buildRules = (
			);
			dependencies = (
				9A4E724826DA7CBB003583A3 /* PBXTargetDependency */,
			);
			name = SuperHeroAppUITests;
			productName = SuperHeroAppUITests;
			productReference = 9A4E724626DA7CBB003583A3 /* SuperHeroAppUITests.xctest */;
			productType = "com.apple.product-type.bundle.ui-testing";
		};
/* End PBXNativeTarget section */

/* Begin PBXProject section */
		9A4E722226DA7CB8003583A3 /* Project object */ = {
			isa = PBXProject;
			attributes = {
				LastSwiftUpdateCheck = 1240;
				LastUpgradeCheck = 1240;
				TargetAttributes = {
					9A4E722926DA7CB8003583A3 = {
						CreatedOnToolsVersion = 12.4;
					};
					9A4E723A26DA7CBB003583A3 = {
						CreatedOnToolsVersion = 12.4;
						TestTargetID = 9A4E722926DA7CB8003583A3;
					};
					9A4E724526DA7CBB003583A3 = {
						CreatedOnToolsVersion = 12.4;
						TestTargetID = 9A4E722926DA7CB8003583A3;
					};
				};
			};
			buildConfigurationList = 9A4E722526DA7CB8003583A3 /* Build configuration list for PBXProject "SuperHeroApp" */;
			compatibilityVersion = "Xcode 9.3";
			developmentRegion = en;
			hasScannedForEncodings = 0;
			knownRegions = (
				en,
				Base,
			);
			mainGroup = 9A4E722126DA7CB8003583A3;
			packageReferences = (
				9A4E725C26DA8637003583A3 /* XCRemoteSwiftPackageReference "Alamofire" */,
				9A4E727526DA9123003583A3 /* XCRemoteSwiftPackageReference "SDWebImageSwiftUI" */,
				0ECBC79626E7DACC00140FF4 /* XCRemoteSwiftPackageReference "lottie-ios" */,
			);
			productRefGroup = 9A4E722B26DA7CB8003583A3 /* Products */;
			projectDirPath = "";
			projectRoot = "";
			targets = (
				9A4E722926DA7CB8003583A3 /* SuperHeroApp */,
				9A4E723A26DA7CBB003583A3 /* SuperHeroAppTests */,
				9A4E724526DA7CBB003583A3 /* SuperHeroAppUITests */,
			);
		};
/* End PBXProject section */

/* Begin PBXResourcesBuildPhase section */
		9A4E722826DA7CB8003583A3 /* Resources */ = {
			isa = PBXResourcesBuildPhase;
			buildActionMask = 2147483647;
			files = (
				0ECBC79526E7D9ED00140FF4 /* README.md in Resources */,
				9A4E723526DA7CBB003583A3 /* Preview Assets.xcassets in Resources */,
				0ECBC78F26E7A6EE00140FF4 /* Endpoints.plist in Resources */,
				9A4E727C26DA9E5D003583A3 /* heroes.json in Resources */,
				9A4E723226DA7CBB003583A3 /* Assets.xcassets in Resources */,
				9AF6EF6326F0E50A0013238A /* superhero.json in Resources */,
				0ECBC79326E7D80300140FF4 /* loader.json in Resources */,
			);
			runOnlyForDeploymentPostprocessing = 0;
		};
		9A4E723926DA7CBB003583A3 /* Resources */ = {
			isa = PBXResourcesBuildPhase;
			buildActionMask = 2147483647;
			files = (
			);
			runOnlyForDeploymentPostprocessing = 0;
		};
		9A4E724426DA7CBB003583A3 /* Resources */ = {
			isa = PBXResourcesBuildPhase;
			buildActionMask = 2147483647;
			files = (
			);
			runOnlyForDeploymentPostprocessing = 0;
		};
/* End PBXResourcesBuildPhase section */

/* Begin PBXSourcesBuildPhase section */
		9A4E722626DA7CB8003583A3 /* Sources */ = {
			isa = PBXSourcesBuildPhase;
			buildActionMask = 2147483647;
			files = (
				0ECBC77F26E79C1C00140FF4 /* HeroeListCellView.swift in Sources */,
				9A4E723026DA7CB8003583A3 /* HeroDetailView.swift in Sources */,
				0ECBC79F26E7DBD400140FF4 /* LottieView.swift in Sources */,
				0ECBC78C26E7A1AC00140FF4 /* HeroModel.swift in Sources */,
				0ECBC79C26E7DB8700140FF4 /* LoaderView.swift in Sources */,
				9A4E722E26DA7CB8003583A3 /* SuperHeroAppApp.swift in Sources */,
				0ECBC7A226E7F48C00140FF4 /* prueba.swift in Sources */,
				0ECBC77A26E79BB600140FF4 /* HeroesListViewModel.swift in Sources */,
				9A4E726326DA864D003583A3 /* NetworkingProvider.swift in Sources */,
				0ECBC78926E79F9E00140FF4 /* Utils.swift in Sources */,
				0ECBC79126E7C9CE00140FF4 /* HeroDetailViewModel.swift in Sources */,
				0ECBC78226E79F4800140FF4 /* ResponseWrapperModel.swift in Sources */,
				0ECBC78426E79F5800140FF4 /* ErrorModel.swift in Sources */,
				0ECBC77C26E79BE600140FF4 /* HeroesListView.swift in Sources */,
				0ECBC78726E79F8F00140FF4 /* Constants.swift in Sources */,
				0ECBC78E26E7A30200140FF4 /* HeroesListModel.swift in Sources */,
			);
			runOnlyForDeploymentPostprocessing = 0;
		};
		9A4E723726DA7CBB003583A3 /* Sources */ = {
			isa = PBXSourcesBuildPhase;
			buildActionMask = 2147483647;
			files = (
				9A4E724026DA7CBB003583A3 /* SuperHeroAppTests.swift in Sources */,
			);
			runOnlyForDeploymentPostprocessing = 0;
		};
		9A4E724226DA7CBB003583A3 /* Sources */ = {
			isa = PBXSourcesBuildPhase;
			buildActionMask = 2147483647;
			files = (
				9A4E724B26DA7CBB003583A3 /* SuperHeroAppUITests.swift in Sources */,
			);
			runOnlyForDeploymentPostprocessing = 0;
		};
/* End PBXSourcesBuildPhase section */

/* Begin PBXTargetDependency section */
		9A4E723D26DA7CBB003583A3 /* PBXTargetDependency */ = {
			isa = PBXTargetDependency;
			target = 9A4E722926DA7CB8003583A3 /* SuperHeroApp */;
			targetProxy = 9A4E723C26DA7CBB003583A3 /* PBXContainerItemProxy */;
		};
		9A4E724826DA7CBB003583A3 /* PBXTargetDependency */ = {
			isa = PBXTargetDependency;
			target = 9A4E722926DA7CB8003583A3 /* SuperHeroApp */;
			targetProxy = 9A4E724726DA7CBB003583A3 /* PBXContainerItemProxy */;
		};
/* End PBXTargetDependency section */

/* Begin XCBuildConfiguration section */
		9A4E724D26DA7CBB003583A3 /* Debug */ = {
			isa = XCBuildConfiguration;
			buildSettings = {
				ALWAYS_SEARCH_USER_PATHS = NO;
				CLANG_ANALYZER_NONNULL = YES;
				CLANG_ANALYZER_NUMBER_OBJECT_CONVERSION = YES_AGGRESSIVE;
				CLANG_CXX_LANGUAGE_STANDARD = "gnu++14";
				CLANG_CXX_LIBRARY = "libc++";
				CLANG_ENABLE_MODULES = YES;
				CLANG_ENABLE_OBJC_ARC = YES;
				CLANG_ENABLE_OBJC_WEAK = YES;
				CLANG_WARN_BLOCK_CAPTURE_AUTORELEASING = YES;
				CLANG_WARN_BOOL_CONVERSION = YES;
				CLANG_WARN_COMMA = YES;
				CLANG_WARN_CONSTANT_CONVERSION = YES;
				CLANG_WARN_DEPRECATED_OBJC_IMPLEMENTATIONS = YES;
				CLANG_WARN_DIRECT_OBJC_ISA_USAGE = YES_ERROR;
				CLANG_WARN_DOCUMENTATION_COMMENTS = YES;
				CLANG_WARN_EMPTY_BODY = YES;
				CLANG_WARN_ENUM_CONVERSION = YES;
				CLANG_WARN_INFINITE_RECURSION = YES;
				CLANG_WARN_INT_CONVERSION = YES;
				CLANG_WARN_NON_LITERAL_NULL_CONVERSION = YES;
				CLANG_WARN_OBJC_IMPLICIT_RETAIN_SELF = YES;
				CLANG_WARN_OBJC_LITERAL_CONVERSION = YES;
				CLANG_WARN_OBJC_ROOT_CLASS = YES_ERROR;
				CLANG_WARN_QUOTED_INCLUDE_IN_FRAMEWORK_HEADER = YES;
				CLANG_WARN_RANGE_LOOP_ANALYSIS = YES;
				CLANG_WARN_STRICT_PROTOTYPES = YES;
				CLANG_WARN_SUSPICIOUS_MOVE = YES;
				CLANG_WARN_UNGUARDED_AVAILABILITY = YES_AGGRESSIVE;
				CLANG_WARN_UNREACHABLE_CODE = YES;
				CLANG_WARN__DUPLICATE_METHOD_MATCH = YES;
				COPY_PHASE_STRIP = NO;
				DEBUG_INFORMATION_FORMAT = dwarf;
				ENABLE_STRICT_OBJC_MSGSEND = YES;
				ENABLE_TESTABILITY = YES;
				GCC_C_LANGUAGE_STANDARD = gnu11;
				GCC_DYNAMIC_NO_PIC = NO;
				GCC_NO_COMMON_BLOCKS = YES;
				GCC_OPTIMIZATION_LEVEL = 0;
				GCC_PREPROCESSOR_DEFINITIONS = (
					"DEBUG=1",
					"$(inherited)",
				);
				GCC_WARN_64_TO_32_BIT_CONVERSION = YES;
				GCC_WARN_ABOUT_RETURN_TYPE = YES_ERROR;
				GCC_WARN_UNDECLARED_SELECTOR = YES;
				GCC_WARN_UNINITIALIZED_AUTOS = YES_AGGRESSIVE;
				GCC_WARN_UNUSED_FUNCTION = YES;
				GCC_WARN_UNUSED_VARIABLE = YES;
				IPHONEOS_DEPLOYMENT_TARGET = 14.4;
				MTL_ENABLE_DEBUG_INFO = INCLUDE_SOURCE;
				MTL_FAST_MATH = YES;
				ONLY_ACTIVE_ARCH = YES;
				SDKROOT = iphoneos;
				SWIFT_ACTIVE_COMPILATION_CONDITIONS = DEBUG;
				SWIFT_OPTIMIZATION_LEVEL = "-Onone";
			};
			name = Debug;
		};
		9A4E724E26DA7CBB003583A3 /* Release */ = {
			isa = XCBuildConfiguration;
			buildSettings = {
				ALWAYS_SEARCH_USER_PATHS = NO;
				CLANG_ANALYZER_NONNULL = YES;
				CLANG_ANALYZER_NUMBER_OBJECT_CONVERSION = YES_AGGRESSIVE;
				CLANG_CXX_LANGUAGE_STANDARD = "gnu++14";
				CLANG_CXX_LIBRARY = "libc++";
				CLANG_ENABLE_MODULES = YES;
				CLANG_ENABLE_OBJC_ARC = YES;
				CLANG_ENABLE_OBJC_WEAK = YES;
				CLANG_WARN_BLOCK_CAPTURE_AUTORELEASING = YES;
				CLANG_WARN_BOOL_CONVERSION = YES;
				CLANG_WARN_COMMA = YES;
				CLANG_WARN_CONSTANT_CONVERSION = YES;
				CLANG_WARN_DEPRECATED_OBJC_IMPLEMENTATIONS = YES;
				CLANG_WARN_DIRECT_OBJC_ISA_USAGE = YES_ERROR;
				CLANG_WARN_DOCUMENTATION_COMMENTS = YES;
				CLANG_WARN_EMPTY_BODY = YES;
				CLANG_WARN_ENUM_CONVERSION = YES;
				CLANG_WARN_INFINITE_RECURSION = YES;
				CLANG_WARN_INT_CONVERSION = YES;
				CLANG_WARN_NON_LITERAL_NULL_CONVERSION = YES;
				CLANG_WARN_OBJC_IMPLICIT_RETAIN_SELF = YES;
				CLANG_WARN_OBJC_LITERAL_CONVERSION = YES;
				CLANG_WARN_OBJC_ROOT_CLASS = YES_ERROR;
				CLANG_WARN_QUOTED_INCLUDE_IN_FRAMEWORK_HEADER = YES;
				CLANG_WARN_RANGE_LOOP_ANALYSIS = YES;
				CLANG_WARN_STRICT_PROTOTYPES = YES;
				CLANG_WARN_SUSPICIOUS_MOVE = YES;
				CLANG_WARN_UNGUARDED_AVAILABILITY = YES_AGGRESSIVE;
				CLANG_WARN_UNREACHABLE_CODE = YES;
				CLANG_WARN__DUPLICATE_METHOD_MATCH = YES;
				COPY_PHASE_STRIP = NO;
				DEBUG_INFORMATION_FORMAT = "dwarf-with-dsym";
				ENABLE_NS_ASSERTIONS = NO;
				ENABLE_STRICT_OBJC_MSGSEND = YES;
				GCC_C_LANGUAGE_STANDARD = gnu11;
				GCC_NO_COMMON_BLOCKS = YES;
				GCC_WARN_64_TO_32_BIT_CONVERSION = YES;
				GCC_WARN_ABOUT_RETURN_TYPE = YES_ERROR;
				GCC_WARN_UNDECLARED_SELECTOR = YES;
				GCC_WARN_UNINITIALIZED_AUTOS = YES_AGGRESSIVE;
				GCC_WARN_UNUSED_FUNCTION = YES;
				GCC_WARN_UNUSED_VARIABLE = YES;
				IPHONEOS_DEPLOYMENT_TARGET = 14.4;
				MTL_ENABLE_DEBUG_INFO = NO;
				MTL_FAST_MATH = YES;
				SDKROOT = iphoneos;
				SWIFT_COMPILATION_MODE = wholemodule;
				SWIFT_OPTIMIZATION_LEVEL = "-O";
				VALIDATE_PRODUCT = YES;
			};
			name = Release;
		};
		9A4E725026DA7CBB003583A3 /* Debug */ = {
			isa = XCBuildConfiguration;
			buildSettings = {
				ASSETCATALOG_COMPILER_APPICON_NAME = AppIcon;
				ASSETCATALOG_COMPILER_GLOBAL_ACCENT_COLOR_NAME = AccentColor;
				CODE_SIGN_STYLE = Automatic;
				DEVELOPMENT_ASSET_PATHS = "\"SuperHeroApp/Preview Content\"";
				DEVELOPMENT_TEAM = X4N9RXF3S6;
				ENABLE_PREVIEWS = YES;
				INFOPLIST_FILE = SuperHeroApp/Info.plist;
				IPHONEOS_DEPLOYMENT_TARGET = 14.0;
				LD_RUNPATH_SEARCH_PATHS = (
					"$(inherited)",
					"@executable_path/Frameworks",
				);
				PRODUCT_BUNDLE_IDENTIFIER = com.leinhio.SuperHeroApp;
				PRODUCT_NAME = "$(TARGET_NAME)";
				SWIFT_VERSION = 5.0;
				TARGETED_DEVICE_FAMILY = "1,2";
			};
			name = Debug;
		};
		9A4E725126DA7CBB003583A3 /* Release */ = {
			isa = XCBuildConfiguration;
			buildSettings = {
				ASSETCATALOG_COMPILER_APPICON_NAME = AppIcon;
				ASSETCATALOG_COMPILER_GLOBAL_ACCENT_COLOR_NAME = AccentColor;
				CODE_SIGN_STYLE = Automatic;
				DEVELOPMENT_ASSET_PATHS = "\"SuperHeroApp/Preview Content\"";
				DEVELOPMENT_TEAM = X4N9RXF3S6;
				ENABLE_PREVIEWS = YES;
				INFOPLIST_FILE = SuperHeroApp/Info.plist;
				IPHONEOS_DEPLOYMENT_TARGET = 14.0;
				LD_RUNPATH_SEARCH_PATHS = (
					"$(inherited)",
					"@executable_path/Frameworks",
				);
				PRODUCT_BUNDLE_IDENTIFIER = com.leinhio.SuperHeroApp;
				PRODUCT_NAME = "$(TARGET_NAME)";
				SWIFT_VERSION = 5.0;
				TARGETED_DEVICE_FAMILY = "1,2";
			};
			name = Release;
		};
		9A4E725326DA7CBB003583A3 /* Debug */ = {
			isa = XCBuildConfiguration;
			buildSettings = {
				ALWAYS_EMBED_SWIFT_STANDARD_LIBRARIES = YES;
				BUNDLE_LOADER = "$(TEST_HOST)";
				CODE_SIGN_STYLE = Automatic;
				DEVELOPMENT_TEAM = X4N9RXF3S6;
				INFOPLIST_FILE = SuperHeroAppTests/Info.plist;
				IPHONEOS_DEPLOYMENT_TARGET = 14.0;
				LD_RUNPATH_SEARCH_PATHS = (
					"$(inherited)",
					"@executable_path/Frameworks",
					"@loader_path/Frameworks",
				);
				PRODUCT_BUNDLE_IDENTIFIER = com.leinhio.SuperHeroAppTests;
				PRODUCT_NAME = "$(TARGET_NAME)";
				SWIFT_VERSION = 5.0;
				TARGETED_DEVICE_FAMILY = "1,2";
				TEST_HOST = "$(BUILT_PRODUCTS_DIR)/SuperHeroApp.app/SuperHeroApp";
			};
			name = Debug;
		};
		9A4E725426DA7CBB003583A3 /* Release */ = {
			isa = XCBuildConfiguration;
			buildSettings = {
				ALWAYS_EMBED_SWIFT_STANDARD_LIBRARIES = YES;
				BUNDLE_LOADER = "$(TEST_HOST)";
				CODE_SIGN_STYLE = Automatic;
				DEVELOPMENT_TEAM = X4N9RXF3S6;
				INFOPLIST_FILE = SuperHeroAppTests/Info.plist;
				IPHONEOS_DEPLOYMENT_TARGET = 14.0;
				LD_RUNPATH_SEARCH_PATHS = (
					"$(inherited)",
					"@executable_path/Frameworks",
					"@loader_path/Frameworks",
				);
				PRODUCT_BUNDLE_IDENTIFIER = com.leinhio.SuperHeroAppTests;
				PRODUCT_NAME = "$(TARGET_NAME)";
				SWIFT_VERSION = 5.0;
				TARGETED_DEVICE_FAMILY = "1,2";
				TEST_HOST = "$(BUILT_PRODUCTS_DIR)/SuperHeroApp.app/SuperHeroApp";
			};
			name = Release;
		};
		9A4E725626DA7CBB003583A3 /* Debug */ = {
			isa = XCBuildConfiguration;
			buildSettings = {
				ALWAYS_EMBED_SWIFT_STANDARD_LIBRARIES = YES;
				CODE_SIGN_STYLE = Automatic;
				DEVELOPMENT_TEAM = X4N9RXF3S6;
				INFOPLIST_FILE = SuperHeroAppUITests/Info.plist;
				LD_RUNPATH_SEARCH_PATHS = (
					"$(inherited)",
					"@executable_path/Frameworks",
					"@loader_path/Frameworks",
				);
				PRODUCT_BUNDLE_IDENTIFIER = com.leinhio.SuperHeroAppUITests;
				PRODUCT_NAME = "$(TARGET_NAME)";
				SWIFT_VERSION = 5.0;
				TARGETED_DEVICE_FAMILY = "1,2";
				TEST_TARGET_NAME = SuperHeroApp;
			};
			name = Debug;
		};
		9A4E725726DA7CBB003583A3 /* Release */ = {
			isa = XCBuildConfiguration;
			buildSettings = {
				ALWAYS_EMBED_SWIFT_STANDARD_LIBRARIES = YES;
				CODE_SIGN_STYLE = Automatic;
				DEVELOPMENT_TEAM = X4N9RXF3S6;
				INFOPLIST_FILE = SuperHeroAppUITests/Info.plist;
				LD_RUNPATH_SEARCH_PATHS = (
					"$(inherited)",
					"@executable_path/Frameworks",
					"@loader_path/Frameworks",
				);
				PRODUCT_BUNDLE_IDENTIFIER = com.leinhio.SuperHeroAppUITests;
				PRODUCT_NAME = "$(TARGET_NAME)";
				SWIFT_VERSION = 5.0;
				TARGETED_DEVICE_FAMILY = "1,2";
				TEST_TARGET_NAME = SuperHeroApp;
			};
			name = Release;
		};
/* End XCBuildConfiguration section */

/* Begin XCConfigurationList section */
		9A4E722526DA7CB8003583A3 /* Build configuration list for PBXProject "SuperHeroApp" */ = {
			isa = XCConfigurationList;
			buildConfigurations = (
				9A4E724D26DA7CBB003583A3 /* Debug */,
				9A4E724E26DA7CBB003583A3 /* Release */,
			);
			defaultConfigurationIsVisible = 0;
			defaultConfigurationName = Release;
		};
		9A4E724F26DA7CBB003583A3 /* Build configuration list for PBXNativeTarget "SuperHeroApp" */ = {
			isa = XCConfigurationList;
			buildConfigurations = (
				9A4E725026DA7CBB003583A3 /* Debug */,
				9A4E725126DA7CBB003583A3 /* Release */,
			);
			defaultConfigurationIsVisible = 0;
			defaultConfigurationName = Release;
		};
		9A4E725226DA7CBB003583A3 /* Build configuration list for PBXNativeTarget "SuperHeroAppTests" */ = {
			isa = XCConfigurationList;
			buildConfigurations = (
				9A4E725326DA7CBB003583A3 /* Debug */,
				9A4E725426DA7CBB003583A3 /* Release */,
			);
			defaultConfigurationIsVisible = 0;
			defaultConfigurationName = Release;
		};
		9A4E725526DA7CBB003583A3 /* Build configuration list for PBXNativeTarget "SuperHeroAppUITests" */ = {
			isa = XCConfigurationList;
			buildConfigurations = (
				9A4E725626DA7CBB003583A3 /* Debug */,
				9A4E725726DA7CBB003583A3 /* Release */,
			);
			defaultConfigurationIsVisible = 0;
			defaultConfigurationName = Release;
		};
/* End XCConfigurationList section */

/* Begin XCRemoteSwiftPackageReference section */
		0ECBC79626E7DACC00140FF4 /* XCRemoteSwiftPackageReference "lottie-ios" */ = {
			isa = XCRemoteSwiftPackageReference;
			repositoryURL = "https://github.com/airbnb/lottie-ios.git";
			requirement = {
				kind = upToNextMajorVersion;
				minimumVersion = 3.2.3;
			};
		};
		9A4E725C26DA8637003583A3 /* XCRemoteSwiftPackageReference "Alamofire" */ = {
			isa = XCRemoteSwiftPackageReference;
			repositoryURL = "https://github.com/Alamofire/Alamofire.git";
			requirement = {
				kind = upToNextMajorVersion;
				minimumVersion = 5.4.3;
			};
		};
		9A4E727526DA9123003583A3 /* XCRemoteSwiftPackageReference "SDWebImageSwiftUI" */ = {
			isa = XCRemoteSwiftPackageReference;
			repositoryURL = "https://github.com/SDWebImage/SDWebImageSwiftUI.git";
			requirement = {
				kind = upToNextMajorVersion;
				minimumVersion = 2.0.2;
			};
		};
/* End XCRemoteSwiftPackageReference section */

/* Begin XCSwiftPackageProductDependency section */
		0ECBC79726E7DACC00140FF4 /* Lottie */ = {
			isa = XCSwiftPackageProductDependency;
			package = 0ECBC79626E7DACC00140FF4 /* XCRemoteSwiftPackageReference "lottie-ios" */;
			productName = Lottie;
		};
		9A4E725D26DA8637003583A3 /* Alamofire */ = {
			isa = XCSwiftPackageProductDependency;
			package = 9A4E725C26DA8637003583A3 /* XCRemoteSwiftPackageReference "Alamofire" */;
			productName = Alamofire;
		};
		9A4E727626DA9123003583A3 /* SDWebImageSwiftUI */ = {
			isa = XCSwiftPackageProductDependency;
			package = 9A4E727526DA9123003583A3 /* XCRemoteSwiftPackageReference "SDWebImageSwiftUI" */;
			productName = SDWebImageSwiftUI;
		};
/* End XCSwiftPackageProductDependency section */
	};
	rootObject = 9A4E722226DA7CB8003583A3 /* Project object */;
}
